// !$*UTF8*$!
{
	archiveVersion = 1;
	classes = {
	};
	objectVersion = 46;
	objects = {

/* Begin PBXBuildFile section */
		C171637B1E15316F001E9114 /* fork.swift in Sources */ = {isa = PBXBuildFile; fileRef = C17163781E15316F001E9114 /* fork.swift */; };
		C171637C1E15316F001E9114 /* PreforkTCPServer.swift in Sources */ = {isa = PBXBuildFile; fileRef = C17163791E15316F001E9114 /* PreforkTCPServer.swift */; };
		C171637D1E15316F001E9114 /* TCPServer.swift in Sources */ = {isa = PBXBuildFile; fileRef = C171637A1E15316F001E9114 /* TCPServer.swift */; };
		__src_cc_ref_Sources/main.swift /* main.swift in Sources */ = {isa = PBXBuildFile; fileRef = __PBXFileRef_Sources/main.swift /* main.swift */; };
/* End PBXBuildFile section */

/* Begin PBXFileReference section */
		C17163781E15316F001E9114 /* fork.swift */ = {isa = PBXFileReference; fileEncoding = 4; lastKnownFileType = sourcecode.swift; path = fork.swift; sourceTree = "<group>"; };
		C17163791E15316F001E9114 /* PreforkTCPServer.swift */ = {isa = PBXFileReference; fileEncoding = 4; lastKnownFileType = sourcecode.swift; path = PreforkTCPServer.swift; sourceTree = "<group>"; };
		C171637A1E15316F001E9114 /* TCPServer.swift */ = {isa = PBXFileReference; fileEncoding = 4; lastKnownFileType = sourcecode.swift; path = TCPServer.swift; sourceTree = "<group>"; };
		__PBXFileRef_Package.swift /* Package.swift */ = {isa = PBXFileReference; lastKnownFileType = sourcecode.swift; path = Package.swift; sourceTree = "<group>"; };
		__PBXFileRef_ServerSample.xcodeproj/Configs/Project.xcconfig /* ServerSample.xcodeproj/Configs/Project.xcconfig */ = {isa = PBXFileReference; lastKnownFileType = text.xcconfig; path = ServerSample.xcodeproj/Configs/Project.xcconfig; sourceTree = "<group>"; };
		__PBXFileRef_Sources/main.swift /* main.swift */ = {isa = PBXFileReference; lastKnownFileType = sourcecode.swift; path = main.swift; sourceTree = "<group>"; };
		__PBXFileRef_Tests /* Tests */ = {isa = PBXFileReference; lastKnownFileType = folder; path = Tests; sourceTree = "<group>"; };
		"_____Product_ServerSample" /* ServerSample */ = {isa = PBXFileReference; explicitFileType = "compiled.mach-o.executable"; path = ServerSample; sourceTree = BUILT_PRODUCTS_DIR; };
/* End PBXFileReference section */

/* Begin PBXFrameworksBuildPhase section */
		"___LinkPhase_ServerSample" /* Frameworks */ = {
			isa = PBXFrameworksBuildPhase;
			buildActionMask = 0;
			files = (
			);
			runOnlyForDeploymentPostprocessing = 0;
		};
/* End PBXFrameworksBuildPhase section */

/* Begin PBXGroup section */
		"___RootGroup_" = {
			isa = PBXGroup;
			children = (
				__PBXFileRef_Package.swift /* Package.swift */,
				"_____Configs_" /* Configs */,
				"_____Sources_" /* Sources */,
				__PBXFileRef_Tests /* Tests */,
				"____Products_" /* Products */,
			);
			sourceTree = "<group>";
		};
		"____Products_" /* Products */ = {
			isa = PBXGroup;
			children = (
				"_____Product_ServerSample" /* ServerSample */,
			);
			name = Products;
			sourceTree = "<group>";
		};
		"_____Configs_" /* Configs */ = {
			isa = PBXGroup;
			children = (
				__PBXFileRef_ServerSample.xcodeproj/Configs/Project.xcconfig /* ServerSample.xcodeproj/Configs/Project.xcconfig */,
			);
			name = Configs;
			sourceTree = "<group>";
		};
		"_____Sources_" /* Sources */ = {
			isa = PBXGroup;
			children = (
				"_______Group_ServerSample" /* ServerSample */,
			);
			name = Sources;
			sourceTree = "<group>";
		};
		"_______Group_ServerSample" /* ServerSample */ = {
			isa = PBXGroup;
			children = (
				C17163781E15316F001E9114 /* fork.swift */,
				C17163791E15316F001E9114 /* PreforkTCPServer.swift */,
				C171637A1E15316F001E9114 /* TCPServer.swift */,
				__PBXFileRef_Sources/main.swift /* main.swift */,
			);
			name = ServerSample;
			path = Sources;
			sourceTree = "<group>";
		};
/* End PBXGroup section */

/* Begin PBXNativeTarget section */
		"______Target_ServerSample" /* ServerSample */ = {
			isa = PBXNativeTarget;
			buildConfigurationList = "_______Confs_ServerSample" /* Build configuration list for PBXNativeTarget "ServerSample" */;
			buildPhases = (
				CompilePhase_ServerSample /* Sources */,
				"___LinkPhase_ServerSample" /* Frameworks */,
			);
			buildRules = (
			);
			dependencies = (
			);
			name = ServerSample;
			productName = ServerSample;
			productReference = "_____Product_ServerSample" /* ServerSample */;
			productType = "com.apple.product-type.tool";
		};
/* End PBXNativeTarget section */

/* Begin PBXProject section */
		__RootObject_ /* Project object */ = {
			isa = PBXProject;
			attributes = {
				LastUpgradeCheck = 9999;
			};
			buildConfigurationList = "___RootConfs_" /* Build configuration list for PBXProject "ServerSample" */;
			compatibilityVersion = "Xcode 3.2";
			developmentRegion = English;
			hasScannedForEncodings = 0;
			knownRegions = (
				en,
			);
			mainGroup = "___RootGroup_";
			productRefGroup = "____Products_" /* Products */;
			projectDirPath = "";
			projectRoot = "";
			targets = (
				"______Target_ServerSample" /* ServerSample */,
			);
		};
/* End PBXProject section */

/* Begin PBXSourcesBuildPhase section */
		CompilePhase_ServerSample /* Sources */ = {
			isa = PBXSourcesBuildPhase;
			buildActionMask = 0;
			files = (
				C171637D1E15316F001E9114 /* TCPServer.swift in Sources */,
				__src_cc_ref_Sources/main.swift /* main.swift in Sources */,
				C171637B1E15316F001E9114 /* fork.swift in Sources */,
				C171637C1E15316F001E9114 /* PreforkTCPServer.swift in Sources */,
			);
			runOnlyForDeploymentPostprocessing = 0;
		};
/* End PBXSourcesBuildPhase section */

/* Begin XCBuildConfiguration section */
		_ReleaseConf_ServerSample /* Release */ = {
			isa = XCBuildConfiguration;
			buildSettings = {
				FRAMEWORK_SEARCH_PATHS = "$(PLATFORM_DIR)/Developer/Library/Frameworks";
				LD_RUNPATH_SEARCH_PATHS = "$(TOOLCHAIN_DIR)/usr/lib/swift/macosx @executable_path";
				OTHER_LDFLAGS = "$(inherited)";
				OTHER_SWIFT_FLAGS = "$(inherited)";
				SWIFT_FORCE_DYNAMIC_LINK_STDLIB = YES;
				SWIFT_FORCE_STATIC_LINK_STDLIB = NO;
				SWIFT_VERSION = 3.0;
			};
			name = Release;
		};
		"___DebugConf_ServerSample" /* Debug */ = {
			isa = XCBuildConfiguration;
			buildSettings = {
				FRAMEWORK_SEARCH_PATHS = "$(PLATFORM_DIR)/Developer/Library/Frameworks";
				LD_RUNPATH_SEARCH_PATHS = "$(TOOLCHAIN_DIR)/usr/lib/swift/macosx @executable_path";
				OTHER_LDFLAGS = "$(inherited)";
				OTHER_SWIFT_FLAGS = "$(inherited)";
				SWIFT_FORCE_DYNAMIC_LINK_STDLIB = YES;
				SWIFT_FORCE_STATIC_LINK_STDLIB = NO;
				SWIFT_OPTIMIZATION_LEVEL = "-Onone";
				SWIFT_VERSION = 3.0;
			};
			name = Debug;
		};
		"_____Release_" /* Release */ = {
			isa = XCBuildConfiguration;
			baseConfigurationReference = __PBXFileRef_ServerSample.xcodeproj/Configs/Project.xcconfig /* ServerSample.xcodeproj/Configs/Project.xcconfig */;
			buildSettings = {
			};
			name = Release;
		};
		"_______Debug_" /* Debug */ = {
			isa = XCBuildConfiguration;
			baseConfigurationReference = __PBXFileRef_ServerSample.xcodeproj/Configs/Project.xcconfig /* ServerSample.xcodeproj/Configs/Project.xcconfig */;
			buildSettings = {
			};
			name = Debug;
		};
/* End XCBuildConfiguration section */

/* Begin XCConfigurationList section */
		"___RootConfs_" /* Build configuration list for PBXProject "ServerSample" */ = {
			isa = XCConfigurationList;
			buildConfigurations = (
				"_______Debug_" /* Debug */,
				"_____Release_" /* Release */,
			);
			defaultConfigurationIsVisible = 0;
			defaultConfigurationName = Debug;
		};
		"_______Confs_ServerSample" /* Build configuration list for PBXNativeTarget "ServerSample" */ = {
			isa = XCConfigurationList;
			buildConfigurations = (
				"___DebugConf_ServerSample" /* Debug */,
				_ReleaseConf_ServerSample /* Release */,
			);
			defaultConfigurationIsVisible = 0;
			defaultConfigurationName = Debug;
		};
/* End XCConfigurationList section */
	};
	rootObject = __RootObject_ /* Project object */;
}
